
Microsoft Visual Studio Solution File, Format Version 12.00
Project("{FAE04EC0-301F-11D3-BF4B-00C04F79EFBC}") = "AiGateway.Core", "AiGateway.Core\AiGateway.Core.csproj", "{81E978E4-FCB0-413A-90BE-6836F47ED394}"
EndProject
Project("{FAE04EC0-301F-11D3-BF4B-00C04F79EFBC}") = "AiGateway.WebApi", "AiGateway.WebApi\AiGateway.WebApi.csproj", "{969F2E94-9286-47F3-959F-57A6749A19A3}"
EndProject
Project("{FAE04EC0-301F-11D3-BF4B-00C04F79EFBC}") = "AiGateway.Service", "AiGateway.Service\AiGateway.Service.csproj", "{AD7D3E2A-71E5-41BD-B124-8BAD31D783E3}"
EndProject
Global
	GlobalSection(SolutionConfigurationPlatforms) = preSolution
		Debug|Any CPU = Debug|Any CPU
		Release|Any CPU = Release|Any CPU
	EndGlobalSection
	GlobalSection(ProjectConfigurationPlatforms) = postSolution
		{81E978E4-FCB0-413A-90BE-6836F47ED394}.Debug|Any CPU.ActiveCfg = Debug|Any CPU
		{81E978E4-FCB0-413A-90BE-6836F47ED394}.Debug|Any CPU.Build.0 = Debug|Any CPU
		{81E978E4-FCB0-413A-90BE-6836F47ED394}.Release|Any CPU.ActiveCfg = Release|Any CPU
		{81E978E4-FCB0-413A-90BE-6836F47ED394}.Release|Any CPU.Build.0 = Release|Any CPU
		{969F2E94-9286-47F3-959F-57A6749A19A3}.Debug|Any CPU.ActiveCfg = Debug|Any CPU
		{969F2E94-9286-47F3-959F-57A6749A19A3}.Debug|Any CPU.Build.0 = Debug|Any CPU
		{969F2E94-9286-47F3-959F-57A6749A19A3}.Release|Any CPU.ActiveCfg = Release|Any CPU
		{969F2E94-9286-47F3-959F-57A6749A19A3}.Release|Any CPU.Build.0 = Release|Any CPU
		{AD7D3E2A-71E5-41BD-B124-8BAD31D783E3}.Debug|Any CPU.ActiveCfg = Debug|Any CPU
		{AD7D3E2A-71E5-41BD-B124-8BAD31D783E3}.Debug|Any CPU.Build.0 = Debug|Any CPU
		{AD7D3E2A-71E5-41BD-B124-8BAD31D783E3}.Release|Any CPU.ActiveCfg = Release|Any CPU
		{AD7D3E2A-71E5-41BD-B124-8BAD31D783E3}.Release|Any CPU.Build.0 = Release|Any CPU
	EndGlobalSection
EndGlobal
